
Microsoft Visual Studio Solution File, Format Version 12.00
# Visual Studio Version 17
VisualStudioVersion = 17.6.33829.357
MinimumVisualStudioVersion = 10.0.40219.1
Project("{FAE04EC0-301F-11D3-BF4B-00C04F79EFBC}") = "RMSServices", "RMSServices\RMSServices.csproj", "{3093D521-DC51-41DA-B3AC-B2D9062DE708}"
EndProject
Project("{9A19103F-16F7-4668-BE54-9A1E7A4F7556}") = "RMSModel", "RMSModel\RMSModel.csproj", "{95C0C581-299F-47F1-915C-53FE303981CE}"
EndProject
Global
	GlobalSection(SolutionConfigurationPlatforms) = preSolution
		Debug|Any CPU = Debug|Any CPU
		Release|Any CPU = Release|Any CPU
	EndGlobalSection
	GlobalSection(ProjectConfigurationPlatforms) = postSolution
		{3093D521-DC51-41DA-B3AC-B2D9062DE708}.Debug|Any CPU.ActiveCfg = Debug|Any CPU
		{3093D521-DC51-41DA-B3AC-B2D9062DE708}.Debug|Any CPU.Build.0 = Debug|Any CPU
		{3093D521-DC51-41DA-B3AC-B2D9062DE708}.Release|Any CPU.ActiveCfg = Release|Any CPU
		{3093D521-DC51-41DA-B3AC-B2D9062DE708}.Release|Any CPU.Build.0 = Release|Any CPU
		{95C0C581-299F-47F1-915C-53FE303981CE}.Debug|Any CPU.ActiveCfg = Debug|Any CPU
		{95C0C581-299F-47F1-915C-53FE303981CE}.Debug|Any CPU.Build.0 = Debug|Any CPU
		{95C0C581-299F-47F1-915C-53FE303981CE}.Release|Any CPU.ActiveCfg = Release|Any CPU
		{95C0C581-299F-47F1-915C-53FE303981CE}.Release|Any CPU.Build.0 = Release|Any CPU
	EndGlobalSection
	GlobalSection(SolutionProperties) = preSolution
		HideSolutionNode = FALSE
	EndGlobalSection
	GlobalSection(ExtensibilityGlobals) = postSolution
		SolutionGuid = {2D54BD62-9C24-4518-9986-AF4ADE2ED807}
	EndGlobalSection
EndGlobal
